
Microsoft Visual Studio Solution File, Format Version 12.00
# Visual Studio Version 16
VisualStudioVersion = 16.0.32228.343
MinimumVisualStudioVersion = 10.0.40219.1
Project("{FAE04EC0-301F-11D3-BF4B-00C04F79EFBC}") = "LibraryElectricalObjects", "LibraryElectricalObjects.csproj", "{A4802F73-4C3B-4CA1-96D3-D54867C109EA}"
EndProject
Global
	GlobalSection(SolutionConfigurationPlatforms) = preSolution
		Debug|Any CPU = Debug|Any CPU
		Release|Any CPU = Release|Any CPU
	EndGlobalSection
	GlobalSection(ProjectConfigurationPlatforms) = postSolution
		{A4802F73-4C3B-4CA1-96D3-D54867C109EA}.Debug|Any CPU.ActiveCfg = Debug|Any CPU
		{A4802F73-4C3B-4CA1-96D3-D54867C109EA}.Debug|Any CPU.Build.0 = Debug|Any CPU
		{A4802F73-4C3B-4CA1-96D3-D54867C109EA}.Release|Any CPU.ActiveCfg = Release|Any CPU
		{A4802F73-4C3B-4CA1-96D3-D54867C109EA}.Release|Any CPU.Build.0 = Release|Any CPU
	EndGlobalSection
	GlobalSection(SolutionProperties) = preSolution
		HideSolutionNode = FALSE
	EndGlobalSection
	GlobalSection(ExtensibilityGlobals) = postSolution
		SolutionGuid = {EDE39756-9D20-494A-A8D0-92575816CF6B}
	EndGlobalSection
EndGlobal
